
Microsoft Visual Studio Solution File, Format Version 12.00
# Visual Studio Version 17
VisualStudioVersion = 17.11.35312.102
MinimumVisualStudioVersion = 10.0.40219.1
Project("{9A19103F-16F7-4668-BE54-9A1E7A4F7556}") = "ProjectAnts", "ProjectAnts\ProjectAnts.csproj", "{A29981FB-8058-4FF3-9C3E-709AA36A3F48}"
EndProject
Project("{9A19103F-16F7-4668-BE54-9A1E7A4F7556}") = "ProjectAnts.Core", "ProjectAnts.Core\ProjectAnts.Core.csproj", "{856F93D4-B65A-4ED0-A013-ABBD1D8A4154}"
EndProject
Project("{9A19103F-16F7-4668-BE54-9A1E7A4F7556}") = "ProjectAnts.Console", "ProjectAnts.Console\ProjectAnts.Console.csproj", "{85AE93E3-B601-4B06-8034-A82C59959B90}"
	ProjectSection(ProjectDependencies) = postProject
		{856F93D4-B65A-4ED0-A013-ABBD1D8A4154} = {856F93D4-B65A-4ED0-A013-ABBD1D8A4154}
	EndProjectSection
EndProject
Global
	GlobalSection(SolutionConfigurationPlatforms) = preSolution
		Debug|Any CPU = Debug|Any CPU
		Release|Any CPU = Release|Any CPU
	EndGlobalSection
	GlobalSection(ProjectConfigurationPlatforms) = postSolution
		{A29981FB-8058-4FF3-9C3E-709AA36A3F48}.Debug|Any CPU.ActiveCfg = Debug|Any CPU
		{A29981FB-8058-4FF3-9C3E-709AA36A3F48}.Debug|Any CPU.Build.0 = Debug|Any CPU
		{A29981FB-8058-4FF3-9C3E-709AA36A3F48}.Release|Any CPU.ActiveCfg = Release|Any CPU
		{A29981FB-8058-4FF3-9C3E-709AA36A3F48}.Release|Any CPU.Build.0 = Release|Any CPU
		{856F93D4-B65A-4ED0-A013-ABBD1D8A4154}.Debug|Any CPU.ActiveCfg = Debug|Any CPU
		{856F93D4-B65A-4ED0-A013-ABBD1D8A4154}.Debug|Any CPU.Build.0 = Debug|Any CPU
		{856F93D4-B65A-4ED0-A013-ABBD1D8A4154}.Release|Any CPU.ActiveCfg = Release|Any CPU
		{856F93D4-B65A-4ED0-A013-ABBD1D8A4154}.Release|Any CPU.Build.0 = Release|Any CPU
		{85AE93E3-B601-4B06-8034-A82C59959B90}.Debug|Any CPU.ActiveCfg = Debug|Any CPU
		{85AE93E3-B601-4B06-8034-A82C59959B90}.Debug|Any CPU.Build.0 = Debug|Any CPU
		{85AE93E3-B601-4B06-8034-A82C59959B90}.Release|Any CPU.ActiveCfg = Release|Any CPU
		{85AE93E3-B601-4B06-8034-A82C59959B90}.Release|Any CPU.Build.0 = Release|Any CPU
	EndGlobalSection
	GlobalSection(SolutionProperties) = preSolution
		HideSolutionNode = FALSE
	EndGlobalSection
	GlobalSection(ExtensibilityGlobals) = postSolution
		SolutionGuid = {3CF7238A-E817-4281-B150-C351818D54A4}
	EndGlobalSection
EndGlobal
